
Microsoft Visual Studio Solution File, Format Version 12.00
# Visual Studio 14
VisualStudioVersion = 14.0.25420.1
MinimumVisualStudioVersion = 10.0.40219.1
Project("{8BC9CEB8-8B4A-11D0-8D11-00A0C91BC942}") = "2675", "2675\2675.vcxproj", "{E1913440-754D-4860-A0F5-1E46AD09905E}"
EndProject
Global
	GlobalSection(SolutionConfigurationPlatforms) = preSolution
		Debug|x64 = Debug|x64
		Debug|x86 = Debug|x86
		Release|x64 = Release|x64
		Release|x86 = Release|x86
	EndGlobalSection
	GlobalSection(ProjectConfigurationPlatforms) = postSolution
		{E1913440-754D-4860-A0F5-1E46AD09905E}.Debug|x64.ActiveCfg = Debug|x64
		{E1913440-754D-4860-A0F5-1E46AD09905E}.Debug|x64.Build.0 = Debug|x64
		{E1913440-754D-4860-A0F5-1E46AD09905E}.Debug|x86.ActiveCfg = Debug|Win32
		{E1913440-754D-4860-A0F5-1E46AD09905E}.Debug|x86.Build.0 = Debug|Win32
		{E1913440-754D-4860-A0F5-1E46AD09905E}.Release|x64.ActiveCfg = Release|x64
		{E1913440-754D-4860-A0F5-1E46AD09905E}.Release|x64.Build.0 = Release|x64
		{E1913440-754D-4860-A0F5-1E46AD09905E}.Release|x86.ActiveCfg = Release|Win32
		{E1913440-754D-4860-A0F5-1E46AD09905E}.Release|x86.Build.0 = Release|Win32
	EndGlobalSection
	GlobalSection(SolutionProperties) = preSolution
		HideSolutionNode = FALSE
	EndGlobalSection
EndGlobal
